
Microsoft Visual Studio Solution File, Format Version 12.00
# Visual Studio Version 17
VisualStudioVersion = 17.14.36310.24 d17.14
MinimumVisualStudioVersion = 10.0.40219.1
Project("{FAE04EC0-301F-11D3-BF4B-00C04F79EFBC}") = "JEMP_API-HeyGIA", "JEMP_API-HeyGIA.csproj", "{EC187D17-4DE2-4D7D-9FFA-28725F25B654}"
EndProject
Global
	GlobalSection(SolutionConfigurationPlatforms) = preSolution
		Debug|Any CPU = Debug|Any CPU
		Release|Any CPU = Release|Any CPU
	EndGlobalSection
	GlobalSection(ProjectConfigurationPlatforms) = postSolution
		{EC187D17-4DE2-4D7D-9FFA-28725F25B654}.Debug|Any CPU.ActiveCfg = Debug|Any CPU
		{EC187D17-4DE2-4D7D-9FFA-28725F25B654}.Debug|Any CPU.Build.0 = Debug|Any CPU
		{EC187D17-4DE2-4D7D-9FFA-28725F25B654}.Release|Any CPU.ActiveCfg = Release|Any CPU
		{EC187D17-4DE2-4D7D-9FFA-28725F25B654}.Release|Any CPU.Build.0 = Release|Any CPU
	EndGlobalSection
	GlobalSection(SolutionProperties) = preSolution
		HideSolutionNode = FALSE
	EndGlobalSection
	GlobalSection(ExtensibilityGlobals) = postSolution
		SolutionGuid = {B2D2EFB4-321C-4EF6-98FE-D58EB3D2F4B5}
	EndGlobalSection
EndGlobal
